// !$*UTF8*$!
{
	archiveVersion = 1;
	classes = {
	};
	objectVersion = 46;
	objects = {

/* Begin PBXBuildFile section */
		DC32CF861AC9B9FA00353137 /* PreferenceController.swift in Sources */ = {isa = PBXBuildFile; fileRef = DC32CF851AC9B9FA00353137 /* PreferenceController.swift */; };
		DCA84C3E1ACA5D0C003244FD /* ESEvent.swift in Sources */ = {isa = PBXBuildFile; fileRef = DCA84C3C1ACA5D0C003244FD /* ESEvent.swift */; };
		DCA84C3F1ACA5D0C003244FD /* ESTimer.swift in Sources */ = {isa = PBXBuildFile; fileRef = DCA84C3D1ACA5D0C003244FD /* ESTimer.swift */; };
		DCA84C411ACAEE59003244FD /* Bool.swift in Sources */ = {isa = PBXBuildFile; fileRef = DCA84C401ACAEE59003244FD /* Bool.swift */; };
		DCAE98D61AD7379D00226166 /* FileIn.swift in Sources */ = {isa = PBXBuildFile; fileRef = DCAE98D21AD7379D00226166 /* FileIn.swift */; };
		DCAE98D71AD7379D00226166 /* Functions.swift in Sources */ = {isa = PBXBuildFile; fileRef = DCAE98D31AD7379D00226166 /* Functions.swift */; };
		DCAE98D81AD7379D00226166 /* FileOut.swift in Sources */ = {isa = PBXBuildFile; fileRef = DCAE98D41AD7379D00226166 /* FileOut.swift */; };
		DCAE98D91AD7379D00226166 /* IOFlags.swift in Sources */ = {isa = PBXBuildFile; fileRef = DCAE98D51AD7379D00226166 /* IOFlags.swift */; };
		DCE4C9E41AC636A000EABB79 /* AppDelegate.swift in Sources */ = {isa = PBXBuildFile; fileRef = DCE4C9E31AC636A000EABB79 /* AppDelegate.swift */; };
		DCE4C9E61AC636A000EABB79 /* ViewController.swift in Sources */ = {isa = PBXBuildFile; fileRef = DCE4C9E51AC636A000EABB79 /* ViewController.swift */; };
		DCE4C9E81AC636A000EABB79 /* Images.xcassets in Resources */ = {isa = PBXBuildFile; fileRef = DCE4C9E71AC636A000EABB79 /* Images.xcassets */; };
		DCE4C9EB1AC636A000EABB79 /* Main.storyboard in Resources */ = {isa = PBXBuildFile; fileRef = DCE4C9E91AC636A000EABB79 /* Main.storyboard */; };
		DCE4CA051AC63C6A00EABB79 /* Globals.swift in Sources */ = {isa = PBXBuildFile; fileRef = DCE4CA041AC63C6A00EABB79 /* Globals.swift */; };
		DCE4CA071AC63CA900EABB79 /* Match.swift in Sources */ = {isa = PBXBuildFile; fileRef = DCE4CA061AC63CA900EABB79 /* Match.swift */; };
		DCE4CA0D1AC6406A00EABB79 /* DriverStation.swift in Sources */ = {isa = PBXBuildFile; fileRef = DCE4CA0C1AC6406A00EABB79 /* DriverStation.swift */; };
		DCE4CA0F1AC6417500EABB79 /* StartupController.swift in Sources */ = {isa = PBXBuildFile; fileRef = DCE4CA0E1AC6417500EABB79 /* StartupController.swift */; };
		DCEAEADD1ACA55B400DA10C9 /* ImplicitCastingOperators.swift in Sources */ = {isa = PBXBuildFile; fileRef = DCEAEADC1ACA55B400DA10C9 /* ImplicitCastingOperators.swift */; };
/* End PBXBuildFile section */

/* Begin PBXFileReference section */
		DC32CF821AC9A27400353137 /* MyPlayground.playground */ = {isa = PBXFileReference; lastKnownFileType = file.playground; path = MyPlayground.playground; sourceTree = "<group>"; };
		DC32CF851AC9B9FA00353137 /* PreferenceController.swift */ = {isa = PBXFileReference; fileEncoding = 4; lastKnownFileType = sourcecode.swift; path = PreferenceController.swift; sourceTree = "<group>"; };
		DCA84C3C1ACA5D0C003244FD /* ESEvent.swift */ = {isa = PBXFileReference; fileEncoding = 4; lastKnownFileType = sourcecode.swift; path = ESEvent.swift; sourceTree = "<group>"; };
		DCA84C3D1ACA5D0C003244FD /* ESTimer.swift */ = {isa = PBXFileReference; fileEncoding = 4; lastKnownFileType = sourcecode.swift; path = ESTimer.swift; sourceTree = "<group>"; };
		DCA84C401ACAEE59003244FD /* Bool.swift */ = {isa = PBXFileReference; fileEncoding = 4; lastKnownFileType = sourcecode.swift; path = Bool.swift; sourceTree = "<group>"; };
		DCAE98D21AD7379D00226166 /* FileIn.swift */ = {isa = PBXFileReference; fileEncoding = 4; lastKnownFileType = sourcecode.swift; path = FileIn.swift; sourceTree = "<group>"; };
		DCAE98D31AD7379D00226166 /* Functions.swift */ = {isa = PBXFileReference; fileEncoding = 4; lastKnownFileType = sourcecode.swift; path = Functions.swift; sourceTree = "<group>"; };
		DCAE98D41AD7379D00226166 /* FileOut.swift */ = {isa = PBXFileReference; fileEncoding = 4; lastKnownFileType = sourcecode.swift; path = FileOut.swift; sourceTree = "<group>"; };
		DCAE98D51AD7379D00226166 /* IOFlags.swift */ = {isa = PBXFileReference; fileEncoding = 4; lastKnownFileType = sourcecode.swift; path = IOFlags.swift; sourceTree = "<group>"; };
		DCE4C9DE1AC636A000EABB79 /* 1510 Scouting System 2015.app */ = {isa = PBXFileReference; explicitFileType = wrapper.application; includeInIndex = 0; path = "1510 Scouting System 2015.app"; sourceTree = BUILT_PRODUCTS_DIR; };
		DCE4C9E21AC636A000EABB79 /* Info.plist */ = {isa = PBXFileReference; lastKnownFileType = text.plist.xml; path = Info.plist; sourceTree = "<group>"; };
		DCE4C9E31AC636A000EABB79 /* AppDelegate.swift */ = {isa = PBXFileReference; lastKnownFileType = sourcecode.swift; path = AppDelegate.swift; sourceTree = "<group>"; };
		DCE4C9E51AC636A000EABB79 /* ViewController.swift */ = {isa = PBXFileReference; lastKnownFileType = sourcecode.swift; path = ViewController.swift; sourceTree = "<group>"; };
		DCE4C9E71AC636A000EABB79 /* Images.xcassets */ = {isa = PBXFileReference; lastKnownFileType = folder.assetcatalog; path = Images.xcassets; sourceTree = "<group>"; };
		DCE4C9EA1AC636A000EABB79 /* Base */ = {isa = PBXFileReference; lastKnownFileType = file.storyboard; name = Base; path = Base.lproj/Main.storyboard; sourceTree = "<group>"; };
		DCE4CA041AC63C6A00EABB79 /* Globals.swift */ = {isa = PBXFileReference; fileEncoding = 4; lastKnownFileType = sourcecode.swift; path = Globals.swift; sourceTree = "<group>"; };
		DCE4CA061AC63CA900EABB79 /* Match.swift */ = {isa = PBXFileReference; fileEncoding = 4; lastKnownFileType = sourcecode.swift; path = Match.swift; sourceTree = "<group>"; };
		DCE4CA0C1AC6406A00EABB79 /* DriverStation.swift */ = {isa = PBXFileReference; fileEncoding = 4; lastKnownFileType = sourcecode.swift; path = DriverStation.swift; sourceTree = "<group>"; };
		DCE4CA0E1AC6417500EABB79 /* StartupController.swift */ = {isa = PBXFileReference; fileEncoding = 4; lastKnownFileType = sourcecode.swift; name = StartupController.swift; path = ../StartupController.swift; sourceTree = "<group>"; };
		DCEAEADC1ACA55B400DA10C9 /* ImplicitCastingOperators.swift */ = {isa = PBXFileReference; fileEncoding = 4; lastKnownFileType = sourcecode.swift; path = ImplicitCastingOperators.swift; sourceTree = "<group>"; };
/* End PBXFileReference section */

/* Begin PBXFrameworksBuildPhase section */
		DCE4C9DB1AC636A000EABB79 /* Frameworks */ = {
			isa = PBXFrameworksBuildPhase;
			buildActionMask = 2147483647;
			files = (
			);
			runOnlyForDeploymentPostprocessing = 0;
		};
/* End PBXFrameworksBuildPhase section */

/* Begin PBXGroup section */
		DCE4C9D51AC636A000EABB79 = {
			isa = PBXGroup;
			children = (
				DCE4C9E01AC636A000EABB79 /* Scouting 1510 Recycle Rush 2k15 */,
				DCE4C9DF1AC636A000EABB79 /* Products */,
			);
			sourceTree = "<group>";
		};
		DCE4C9DF1AC636A000EABB79 /* Products */ = {
			isa = PBXGroup;
			children = (
				DCE4C9DE1AC636A000EABB79 /* 1510 Scouting System 2015.app */,
			);
			name = Products;
			sourceTree = "<group>";
		};
		DCE4C9E01AC636A000EABB79 /* Scouting 1510 Recycle Rush 2k15 */ = {
			isa = PBXGroup;
			children = (
				DCE4CA0E1AC6417500EABB79 /* StartupController.swift */,
				DCE4C9E31AC636A000EABB79 /* AppDelegate.swift */,
				DCE4CA041AC63C6A00EABB79 /* Globals.swift */,
				DCE4CA0C1AC6406A00EABB79 /* DriverStation.swift */,
				DCE4CA061AC63CA900EABB79 /* Match.swift */,
				DCA84C401ACAEE59003244FD /* Bool.swift */,
				DCEAEADC1ACA55B400DA10C9 /* ImplicitCastingOperators.swift */,
				DCE4C9E51AC636A000EABB79 /* ViewController.swift */,
				DC32CF821AC9A27400353137 /* MyPlayground.playground */,
				DCE4C9E71AC636A000EABB79 /* Images.xcassets */,
				DCE4C9E91AC636A000EABB79 /* Main.storyboard */,
				DC32CF851AC9B9FA00353137 /* PreferenceController.swift */,
				DCA84C3C1ACA5D0C003244FD /* ESEvent.swift */,
				DCA84C3D1ACA5D0C003244FD /* ESTimer.swift */,
				DCAE98D21AD7379D00226166 /* FileIn.swift */,
				DCAE98D31AD7379D00226166 /* Functions.swift */,
				DCAE98D41AD7379D00226166 /* FileOut.swift */,
				DCAE98D51AD7379D00226166 /* IOFlags.swift */,
				DCE4C9E11AC636A000EABB79 /* Supporting Files */,
			);
			path = "Scouting 1510 Recycle Rush 2k15";
			sourceTree = "<group>";
		};
		DCE4C9E11AC636A000EABB79 /* Supporting Files */ = {
			isa = PBXGroup;
			children = (
				DCE4C9E21AC636A000EABB79 /* Info.plist */,
			);
			name = "Supporting Files";
			sourceTree = "<group>";
		};
/* End PBXGroup section */

/* Begin PBXNativeTarget section */
		DCE4C9DD1AC636A000EABB79 /* 1510 Scouting System 2015 */ = {
			isa = PBXNativeTarget;
			buildConfigurationList = DCE4C9FA1AC636A000EABB79 /* Build configuration list for PBXNativeTarget "1510 Scouting System 2015" */;
			buildPhases = (
				DCE4C9DA1AC636A000EABB79 /* Sources */,
				DCE4C9DB1AC636A000EABB79 /* Frameworks */,
				DCE4C9DC1AC636A000EABB79 /* Resources */,
			);
			buildRules = (
			);
			dependencies = (
			);
			name = "1510 Scouting System 2015";
			productName = "Scouting 1510 Recycle Rush 2k15";
			productReference = DCE4C9DE1AC636A000EABB79 /* 1510 Scouting System 2015.app */;
			productType = "com.apple.product-type.application";
		};
/* End PBXNativeTarget section */

/* Begin PBXProject section */
		DCE4C9D61AC636A000EABB79 /* Project object */ = {
			isa = PBXProject;
			attributes = {
				LastUpgradeCheck = 0620;
				ORGANIZATIONNAME = "Stephen Brimhall";
				TargetAttributes = {
					DCE4C9DD1AC636A000EABB79 = {
						CreatedOnToolsVersion = 6.2;
						SystemCapabilities = {
							com.apple.Sandbox = {
								enabled = 0;
							};
						};
					};
				};
			};
			buildConfigurationList = DCE4C9D91AC636A000EABB79 /* Build configuration list for PBXProject "1510 Scouting System 2015" */;
			compatibilityVersion = "Xcode 3.2";
			developmentRegion = English;
			hasScannedForEncodings = 0;
			knownRegions = (
				en,
				Base,
			);
			mainGroup = DCE4C9D51AC636A000EABB79;
			productRefGroup = DCE4C9DF1AC636A000EABB79 /* Products */;
			projectDirPath = "";
			projectRoot = "";
			targets = (
				DCE4C9DD1AC636A000EABB79 /* 1510 Scouting System 2015 */,
			);
		};
/* End PBXProject section */

/* Begin PBXResourcesBuildPhase section */
		DCE4C9DC1AC636A000EABB79 /* Resources */ = {
			isa = PBXResourcesBuildPhase;
			buildActionMask = 2147483647;
			files = (
				DCE4C9E81AC636A000EABB79 /* Images.xcassets in Resources */,
				DCE4C9EB1AC636A000EABB79 /* Main.storyboard in Resources */,
			);
			runOnlyForDeploymentPostprocessing = 0;
		};
/* End PBXResourcesBuildPhase section */

/* Begin PBXSourcesBuildPhase section */
		DCE4C9DA1AC636A000EABB79 /* Sources */ = {
			isa = PBXSourcesBuildPhase;
			buildActionMask = 2147483647;
			files = (
				DCA84C3E1ACA5D0C003244FD /* ESEvent.swift in Sources */,
				DCE4CA051AC63C6A00EABB79 /* Globals.swift in Sources */,
				DCE4CA0F1AC6417500EABB79 /* StartupController.swift in Sources */,
				DCAE98D91AD7379D00226166 /* IOFlags.swift in Sources */,
				DCE4C9E61AC636A000EABB79 /* ViewController.swift in Sources */,
				DCA84C411ACAEE59003244FD /* Bool.swift in Sources */,
				DCAE98D71AD7379D00226166 /* Functions.swift in Sources */,
				DCAE98D81AD7379D00226166 /* FileOut.swift in Sources */,
				DC32CF861AC9B9FA00353137 /* PreferenceController.swift in Sources */,
				DCAE98D61AD7379D00226166 /* FileIn.swift in Sources */,
				DCEAEADD1ACA55B400DA10C9 /* ImplicitCastingOperators.swift in Sources */,
				DCE4CA071AC63CA900EABB79 /* Match.swift in Sources */,
				DCA84C3F1ACA5D0C003244FD /* ESTimer.swift in Sources */,
				DCE4CA0D1AC6406A00EABB79 /* DriverStation.swift in Sources */,
				DCE4C9E41AC636A000EABB79 /* AppDelegate.swift in Sources */,
			);
			runOnlyForDeploymentPostprocessing = 0;
		};
/* End PBXSourcesBuildPhase section */

/* Begin PBXVariantGroup section */
		DCE4C9E91AC636A000EABB79 /* Main.storyboard */ = {
			isa = PBXVariantGroup;
			children = (
				DCE4C9EA1AC636A000EABB79 /* Base */,
			);
			name = Main.storyboard;
			sourceTree = "<group>";
		};
/* End PBXVariantGroup section */

/* Begin XCBuildConfiguration section */
		DCE4C9F81AC636A000EABB79 /* Debug */ = {
			isa = XCBuildConfiguration;
			buildSettings = {
				ALWAYS_SEARCH_USER_PATHS = NO;
				CLANG_CXX_LANGUAGE_STANDARD = "gnu++0x";
				CLANG_CXX_LIBRARY = "libc++";
				CLANG_ENABLE_MODULES = YES;
				CLANG_ENABLE_OBJC_ARC = YES;
				CLANG_WARN_BOOL_CONVERSION = YES;
				CLANG_WARN_CONSTANT_CONVERSION = YES;
				CLANG_WARN_DIRECT_OBJC_ISA_USAGE = YES_ERROR;
				CLANG_WARN_EMPTY_BODY = YES;
				CLANG_WARN_ENUM_CONVERSION = YES;
				CLANG_WARN_INT_CONVERSION = YES;
				CLANG_WARN_OBJC_ROOT_CLASS = YES_ERROR;
				CLANG_WARN_UNREACHABLE_CODE = YES;
				CLANG_WARN__DUPLICATE_METHOD_MATCH = YES;
				CODE_SIGN_IDENTITY = "-";
				COPY_PHASE_STRIP = NO;
				ENABLE_STRICT_OBJC_MSGSEND = YES;
				GCC_C_LANGUAGE_STANDARD = gnu99;
				GCC_DYNAMIC_NO_PIC = NO;
				GCC_OPTIMIZATION_LEVEL = 0;
				GCC_PREPROCESSOR_DEFINITIONS = (
					"DEBUG=1",
					"$(inherited)",
				);
				GCC_SYMBOLS_PRIVATE_EXTERN = NO;
				GCC_WARN_64_TO_32_BIT_CONVERSION = YES;
				GCC_WARN_ABOUT_RETURN_TYPE = YES_ERROR;
				GCC_WARN_UNDECLARED_SELECTOR = YES;
				GCC_WARN_UNINITIALIZED_AUTOS = YES_AGGRESSIVE;
				GCC_WARN_UNUSED_FUNCTION = YES;
				GCC_WARN_UNUSED_VARIABLE = YES;
				MACOSX_DEPLOYMENT_TARGET = 10.10;
				MTL_ENABLE_DEBUG_INFO = YES;
				ONLY_ACTIVE_ARCH = YES;
				SDKROOT = macosx;
				SWIFT_OPTIMIZATION_LEVEL = "-Onone";
			};
			name = Debug;
		};
		DCE4C9F91AC636A000EABB79 /* Release */ = {
			isa = XCBuildConfiguration;
			buildSettings = {
				ALWAYS_SEARCH_USER_PATHS = NO;
				CLANG_CXX_LANGUAGE_STANDARD = "gnu++0x";
				CLANG_CXX_LIBRARY = "libc++";
				CLANG_ENABLE_MODULES = YES;
				CLANG_ENABLE_OBJC_ARC = YES;
				CLANG_WARN_BOOL_CONVERSION = YES;
				CLANG_WARN_CONSTANT_CONVERSION = YES;
				CLANG_WARN_DIRECT_OBJC_ISA_USAGE = YES_ERROR;
				CLANG_WARN_EMPTY_BODY = YES;
				CLANG_WARN_ENUM_CONVERSION = YES;
				CLANG_WARN_INT_CONVERSION = YES;
				CLANG_WARN_OBJC_ROOT_CLASS = YES_ERROR;
				CLANG_WARN_UNREACHABLE_CODE = YES;
				CLANG_WARN__DUPLICATE_METHOD_MATCH = YES;
				CODE_SIGN_IDENTITY = "-";
				COPY_PHASE_STRIP = NO;
				DEBUG_INFORMATION_FORMAT = "dwarf-with-dsym";
				ENABLE_NS_ASSERTIONS = NO;
				ENABLE_STRICT_OBJC_MSGSEND = YES;
				GCC_C_LANGUAGE_STANDARD = gnu99;
				GCC_WARN_64_TO_32_BIT_CONVERSION = YES;
				GCC_WARN_ABOUT_RETURN_TYPE = YES_ERROR;
				GCC_WARN_UNDECLARED_SELECTOR = YES;
				GCC_WARN_UNINITIALIZED_AUTOS = YES_AGGRESSIVE;
				GCC_WARN_UNUSED_FUNCTION = YES;
				GCC_WARN_UNUSED_VARIABLE = YES;
				MACOSX_DEPLOYMENT_TARGET = 10.10;
				MTL_ENABLE_DEBUG_INFO = NO;
				SDKROOT = macosx;
			};
			name = Release;
		};
		DCE4C9FB1AC636A000EABB79 /* Debug */ = {
			isa = XCBuildConfiguration;
			buildSettings = {
				ASSETCATALOG_COMPILER_APPICON_NAME = AppIcon;
				COMBINE_HIDPI_IMAGES = YES;
				FRAMEWORK_SEARCH_PATHS = (
					"$(inherited)",
					"$(PROJECT_DIR)/Scouting",
					1510,
					Recycle,
					Rush,
					2k15,
					"$(PROJECT_DIR)/Scouting",
					1510,
					Recycle,
					Rush,
					2k15,
					"$(PROJECT_DIR)/Scouting",
					1510,
					Recycle,
					Rush,
					2k15,
					"$(PROJECT_DIR)/Scouting",
					1510,
					Recycle,
					Rush,
					2k15,
					"$(PROJECT_DIR)/Scouting",
					1510,
					Recycle,
					Rush,
					2k15,
					"$(PROJECT_DIR)/Scouting",
					1510,
					Recycle,
					Rush,
					2k15,
					"$(PROJECT_DIR)/Scouting",
					1510,
					Recycle,
					Rush,
					2k15,
					"$(PROJECT_DIR)/Scouting",
					1510,
					Recycle,
					Rush,
					2k15,
					"$(PROJECT_DIR)/Scouting",
					1510,
					Recycle,
					Rush,
					2k15,
				);
				INFOPLIST_FILE = "Scouting 1510 Recycle Rush 2k15/Info.plist";
				LD_RUNPATH_SEARCH_PATHS = "$(inherited) @executable_path/../Frameworks";
				MACOSX_DEPLOYMENT_TARGET = 10.10;
				PRODUCT_NAME = "1510 Scouting System 2015";
			};
			name = Debug;
		};
		DCE4C9FC1AC636A000EABB79 /* Release */ = {
			isa = XCBuildConfiguration;
			buildSettings = {
				ASSETCATALOG_COMPILER_APPICON_NAME = AppIcon;
				COMBINE_HIDPI_IMAGES = YES;
				FRAMEWORK_SEARCH_PATHS = (
					"$(inherited)",
					"$(PROJECT_DIR)/Scouting",
					1510,
					Recycle,
					Rush,
					2k15,
					"$(PROJECT_DIR)/Scouting",
					1510,
					Recycle,
					Rush,
					2k15,
					"$(PROJECT_DIR)/Scouting",
					1510,
					Recycle,
					Rush,
					2k15,
					"$(PROJECT_DIR)/Scouting",
					1510,
					Recycle,
					Rush,
					2k15,
					"$(PROJECT_DIR)/Scouting",
					1510,
					Recycle,
					Rush,
					2k15,
					"$(PROJECT_DIR)/Scouting",
					1510,
					Recycle,
					Rush,
					2k15,
					"$(PROJECT_DIR)/Scouting",
					1510,
					Recycle,
					Rush,
					2k15,
					"$(PROJECT_DIR)/Scouting",
					1510,
					Recycle,
					Rush,
					2k15,
					"$(PROJECT_DIR)/Scouting",
					1510,
					Recycle,
					Rush,
					2k15,
				);
				INFOPLIST_FILE = "Scouting 1510 Recycle Rush 2k15/Info.plist";
				LD_RUNPATH_SEARCH_PATHS = "$(inherited) @executable_path/../Frameworks";
				MACOSX_DEPLOYMENT_TARGET = 10.10;
				PRODUCT_NAME = "1510 Scouting System 2015";
			};
			name = Release;
		};
/* End XCBuildConfiguration section */

/* Begin XCConfigurationList section */
		DCE4C9D91AC636A000EABB79 /* Build configuration list for PBXProject "1510 Scouting System 2015" */ = {
			isa = XCConfigurationList;
			buildConfigurations = (
				DCE4C9F81AC636A000EABB79 /* Debug */,
				DCE4C9F91AC636A000EABB79 /* Release */,
			);
			defaultConfigurationIsVisible = 0;
			defaultConfigurationName = Release;
		};
		DCE4C9FA1AC636A000EABB79 /* Build configuration list for PBXNativeTarget "1510 Scouting System 2015" */ = {
			isa = XCConfigurationList;
			buildConfigurations = (
				DCE4C9FB1AC636A000EABB79 /* Debug */,
				DCE4C9FC1AC636A000EABB79 /* Release */,
			);
			defaultConfigurationIsVisible = 0;
			defaultConfigurationName = Release;
		};
/* End XCConfigurationList section */
	};
	rootObject = DCE4C9D61AC636A000EABB79 /* Project object */;
}
